
Microsoft Visual Studio Solution File, Format Version 12.00
# Visual Studio 15
VisualStudioVersion = 15.0.27703.2035
MinimumVisualStudioVersion = 10.0.40219.1
Project("{FAE04EC0-301F-11D3-BF4B-00C04F79EFBC}") = "Gauges", "Gauges\Gauges.csproj", "{FFAF0584-7C35-457A-A4C3-582EDCE5B741}"
EndProject
Global
	GlobalSection(SolutionConfigurationPlatforms) = preSolution
		Debug|Any CPU = Debug|Any CPU
		Release|Any CPU = Release|Any CPU
	EndGlobalSection
	GlobalSection(ProjectConfigurationPlatforms) = postSolution
		{FFAF0584-7C35-457A-A4C3-582EDCE5B741}.Debug|Any CPU.ActiveCfg = Debug|Any CPU
		{FFAF0584-7C35-457A-A4C3-582EDCE5B741}.Debug|Any CPU.Build.0 = Debug|Any CPU
		{FFAF0584-7C35-457A-A4C3-582EDCE5B741}.Release|Any CPU.ActiveCfg = Release|Any CPU
		{FFAF0584-7C35-457A-A4C3-582EDCE5B741}.Release|Any CPU.Build.0 = Release|Any CPU
	EndGlobalSection
	GlobalSection(SolutionProperties) = preSolution
		HideSolutionNode = FALSE
	EndGlobalSection
	GlobalSection(ExtensibilityGlobals) = postSolution
		SolutionGuid = {5553DF0E-D9E9-4D6C-B5B4-32FE5CEC1FE9}
	EndGlobalSection
EndGlobal
